// !$*UTF8*$!
{
	archiveVersion = 1;
	classes = {
	};
	objectVersion = 55;
	objects = {

/* Begin PBXBuildFile section */
		0E6B3344291E06940025174E /* AccountViewController.swift in Sources */ = {isa = PBXBuildFile; fileRef = 0E6B3343291E06940025174E /* AccountViewController.swift */; };
		0E6B3348291E13260025174E /* ViewController.swift in Sources */ = {isa = PBXBuildFile; fileRef = 0E6B3347291E13260025174E /* ViewController.swift */; };
		0E9CC85329175E4D00726BAD /* SettingsViewController.swift in Sources */ = {isa = PBXBuildFile; fileRef = 0E9CC85229175E4D00726BAD /* SettingsViewController.swift */; };
		0EB73FD3290DBEF200D42091 /* TipDetailsViewController.swift in Sources */ = {isa = PBXBuildFile; fileRef = 0EB73FD2290DBEF200D42091 /* TipDetailsViewController.swift */; };
		1C232AFC682B51718DF7194E /* Pods_FluidityTests.framework in Frameworks */ = {isa = PBXBuildFile; fileRef = DC1794111BBA180EAB9299D0 /* Pods_FluidityTests.framework */; };
		2C09E66AF2CB655F68EEFAA9 /* Pods_Fluidity_FluidityUITests.framework in Frameworks */ = {isa = PBXBuildFile; fileRef = 94F70796B67E088B5909C696 /* Pods_Fluidity_FluidityUITests.framework */; };
		9DF1E7B0DA0C1D2461A79E1F /* Pods_Fluidity.framework in Frameworks */ = {isa = PBXBuildFile; fileRef = F825103D89BA5A665F089235 /* Pods_Fluidity.framework */; };
		A612395B291E31F6001D97B1 /* Fluidity_alarm.mp3 in Resources */ = {isa = PBXBuildFile; fileRef = A612395A291E31F6001D97B1 /* Fluidity_alarm.mp3 */; };
		A612395F291EA68F001D97B1 /* StudyTipsViewController.swift in Sources */ = {isa = PBXBuildFile; fileRef = A612395E291EA68F001D97B1 /* StudyTipsViewController.swift */; };
		A6123961291EA909001D97B1 /* ProfileViewController.swift in Sources */ = {isa = PBXBuildFile; fileRef = A6123960291EA909001D97B1 /* ProfileViewController.swift */; };
		A6123963291EAC28001D97B1 /* StudyTipsCell.swift in Sources */ = {isa = PBXBuildFile; fileRef = A6123962291EAC28001D97B1 /* StudyTipsCell.swift */; };
		A6123965291EBBA0001D97B1 /* StudyTipsVideoViewController.swift in Sources */ = {isa = PBXBuildFile; fileRef = A6123964291EBBA0001D97B1 /* StudyTipsVideoViewController.swift */; };
		A67DFE53290CA0320038A7BB /* AppDelegate.swift in Sources */ = {isa = PBXBuildFile; fileRef = A67DFE52290CA0320038A7BB /* AppDelegate.swift */; };
		A67DFE55290CA0320038A7BB /* SceneDelegate.swift in Sources */ = {isa = PBXBuildFile; fileRef = A67DFE54290CA0320038A7BB /* SceneDelegate.swift */; };
		A67DFE5A290CA0320038A7BB /* Main.storyboard in Resources */ = {isa = PBXBuildFile; fileRef = A67DFE58290CA0320038A7BB /* Main.storyboard */; };
		A67DFE5C290CA0340038A7BB /* Assets.xcassets in Resources */ = {isa = PBXBuildFile; fileRef = A67DFE5B290CA0340038A7BB /* Assets.xcassets */; };
		A67DFE5F290CA0340038A7BB /* LaunchScreen.storyboard in Resources */ = {isa = PBXBuildFile; fileRef = A67DFE5D290CA0340038A7BB /* LaunchScreen.storyboard */; };
		A67DFE6A290CA0340038A7BB /* FluidityTests.swift in Sources */ = {isa = PBXBuildFile; fileRef = A67DFE69290CA0340038A7BB /* FluidityTests.swift */; };
		A67DFE74290CA0340038A7BB /* FluidityUITests.swift in Sources */ = {isa = PBXBuildFile; fileRef = A67DFE73290CA0340038A7BB /* FluidityUITests.swift */; };
		A67DFE76290CA0340038A7BB /* FluidityUITestsLaunchTests.swift in Sources */ = {isa = PBXBuildFile; fileRef = A67DFE75290CA0340038A7BB /* FluidityUITestsLaunchTests.swift */; };
		A67DFE83290CA6D80038A7BB /* LoginViewController.swift in Sources */ = {isa = PBXBuildFile; fileRef = A67DFE82290CA6D80038A7BB /* LoginViewController.swift */; };
		A67DFE85290CA6F40038A7BB /* HomeViewController.swift in Sources */ = {isa = PBXBuildFile; fileRef = A67DFE84290CA6F40038A7BB /* HomeViewController.swift */; };
		A67DFE87290CAE460038A7BB /* RegisterViewController.swift in Sources */ = {isa = PBXBuildFile; fileRef = A67DFE86290CAE460038A7BB /* RegisterViewController.swift */; };
/* End PBXBuildFile section */

/* Begin PBXContainerItemProxy section */
		A67DFE66290CA0340038A7BB /* PBXContainerItemProxy */ = {
			isa = PBXContainerItemProxy;
			containerPortal = A67DFE47290CA0320038A7BB /* Project object */;
			proxyType = 1;
			remoteGlobalIDString = A67DFE4E290CA0320038A7BB;
			remoteInfo = Fluidity;
		};
		A67DFE70290CA0340038A7BB /* PBXContainerItemProxy */ = {
			isa = PBXContainerItemProxy;
			containerPortal = A67DFE47290CA0320038A7BB /* Project object */;
			proxyType = 1;
			remoteGlobalIDString = A67DFE4E290CA0320038A7BB;
			remoteInfo = Fluidity;
		};
/* End PBXContainerItemProxy section */

/* Begin PBXFileReference section */
		0E6B3343291E06940025174E /* AccountViewController.swift */ = {isa = PBXFileReference; lastKnownFileType = sourcecode.swift; path = AccountViewController.swift; sourceTree = "<group>"; };
		0E6B3347291E13260025174E /* ViewController.swift */ = {isa = PBXFileReference; lastKnownFileType = sourcecode.swift; path = ViewController.swift; sourceTree = "<group>"; };
		0E9CC85229175E4D00726BAD /* SettingsViewController.swift */ = {isa = PBXFileReference; lastKnownFileType = sourcecode.swift; path = SettingsViewController.swift; sourceTree = "<group>"; };
		0EB73FD2290DBEF200D42091 /* TipDetailsViewController.swift */ = {isa = PBXFileReference; lastKnownFileType = sourcecode.swift; path = TipDetailsViewController.swift; sourceTree = "<group>"; };
		109D72D5922DB798777530D4 /* Pods-Fluidity.debug.xcconfig */ = {isa = PBXFileReference; includeInIndex = 1; lastKnownFileType = text.xcconfig; name = "Pods-Fluidity.debug.xcconfig"; path = "Target Support Files/Pods-Fluidity/Pods-Fluidity.debug.xcconfig"; sourceTree = "<group>"; };
		167AC2FCCAFC6912983592E4 /* Pods-FluidityTests.release.xcconfig */ = {isa = PBXFileReference; includeInIndex = 1; lastKnownFileType = text.xcconfig; name = "Pods-FluidityTests.release.xcconfig"; path = "Target Support Files/Pods-FluidityTests/Pods-FluidityTests.release.xcconfig"; sourceTree = "<group>"; };
		303670456047E12525A0ED3E /* Pods-Fluidity.release.xcconfig */ = {isa = PBXFileReference; includeInIndex = 1; lastKnownFileType = text.xcconfig; name = "Pods-Fluidity.release.xcconfig"; path = "Target Support Files/Pods-Fluidity/Pods-Fluidity.release.xcconfig"; sourceTree = "<group>"; };
		470754902F618C3C030CB72E /* Pods-Fluidity-FluidityUITests.release.xcconfig */ = {isa = PBXFileReference; includeInIndex = 1; lastKnownFileType = text.xcconfig; name = "Pods-Fluidity-FluidityUITests.release.xcconfig"; path = "Target Support Files/Pods-Fluidity-FluidityUITests/Pods-Fluidity-FluidityUITests.release.xcconfig"; sourceTree = "<group>"; };
		842D6BCF7FD1F8F0B4EA1436 /* Pods-FluidityTests.debug.xcconfig */ = {isa = PBXFileReference; includeInIndex = 1; lastKnownFileType = text.xcconfig; name = "Pods-FluidityTests.debug.xcconfig"; path = "Target Support Files/Pods-FluidityTests/Pods-FluidityTests.debug.xcconfig"; sourceTree = "<group>"; };
		94F70796B67E088B5909C696 /* Pods_Fluidity_FluidityUITests.framework */ = {isa = PBXFileReference; explicitFileType = wrapper.framework; includeInIndex = 0; path = Pods_Fluidity_FluidityUITests.framework; sourceTree = BUILT_PRODUCTS_DIR; };
		A612395A291E31F6001D97B1 /* Fluidity_alarm.mp3 */ = {isa = PBXFileReference; lastKnownFileType = audio.mp3; name = Fluidity_alarm.mp3; path = ../../../Downloads/Fluidity_alarm.mp3; sourceTree = "<group>"; };
		A612395E291EA68F001D97B1 /* StudyTipsViewController.swift */ = {isa = PBXFileReference; lastKnownFileType = sourcecode.swift; path = StudyTipsViewController.swift; sourceTree = "<group>"; };
		A6123960291EA909001D97B1 /* ProfileViewController.swift */ = {isa = PBXFileReference; lastKnownFileType = sourcecode.swift; path = ProfileViewController.swift; sourceTree = "<group>"; };
		A6123962291EAC28001D97B1 /* StudyTipsCell.swift */ = {isa = PBXFileReference; lastKnownFileType = sourcecode.swift; path = StudyTipsCell.swift; sourceTree = "<group>"; };
		A6123964291EBBA0001D97B1 /* StudyTipsVideoViewController.swift */ = {isa = PBXFileReference; lastKnownFileType = sourcecode.swift; path = StudyTipsVideoViewController.swift; sourceTree = "<group>"; };
		A67DFE4F290CA0320038A7BB /* Fluidity.app */ = {isa = PBXFileReference; explicitFileType = wrapper.application; includeInIndex = 0; path = Fluidity.app; sourceTree = BUILT_PRODUCTS_DIR; };
		A67DFE52290CA0320038A7BB /* AppDelegate.swift */ = {isa = PBXFileReference; lastKnownFileType = sourcecode.swift; path = AppDelegate.swift; sourceTree = "<group>"; };
		A67DFE54290CA0320038A7BB /* SceneDelegate.swift */ = {isa = PBXFileReference; lastKnownFileType = sourcecode.swift; path = SceneDelegate.swift; sourceTree = "<group>"; };
		A67DFE59290CA0320038A7BB /* Base */ = {isa = PBXFileReference; lastKnownFileType = file.storyboard; name = Base; path = Base.lproj/Main.storyboard; sourceTree = "<group>"; };
		A67DFE5B290CA0340038A7BB /* Assets.xcassets */ = {isa = PBXFileReference; lastKnownFileType = folder.assetcatalog; path = Assets.xcassets; sourceTree = "<group>"; };
		A67DFE5E290CA0340038A7BB /* Base */ = {isa = PBXFileReference; lastKnownFileType = file.storyboard; name = Base; path = Base.lproj/LaunchScreen.storyboard; sourceTree = "<group>"; };
		A67DFE60290CA0340038A7BB /* Info.plist */ = {isa = PBXFileReference; lastKnownFileType = text.plist.xml; path = Info.plist; sourceTree = "<group>"; };
		A67DFE65290CA0340038A7BB /* FluidityTests.xctest */ = {isa = PBXFileReference; explicitFileType = wrapper.cfbundle; includeInIndex = 0; path = FluidityTests.xctest; sourceTree = BUILT_PRODUCTS_DIR; };
		A67DFE69290CA0340038A7BB /* FluidityTests.swift */ = {isa = PBXFileReference; lastKnownFileType = sourcecode.swift; path = FluidityTests.swift; sourceTree = "<group>"; };
		A67DFE6F290CA0340038A7BB /* FluidityUITests.xctest */ = {isa = PBXFileReference; explicitFileType = wrapper.cfbundle; includeInIndex = 0; path = FluidityUITests.xctest; sourceTree = BUILT_PRODUCTS_DIR; };
		A67DFE73290CA0340038A7BB /* FluidityUITests.swift */ = {isa = PBXFileReference; lastKnownFileType = sourcecode.swift; path = FluidityUITests.swift; sourceTree = "<group>"; };
		A67DFE75290CA0340038A7BB /* FluidityUITestsLaunchTests.swift */ = {isa = PBXFileReference; lastKnownFileType = sourcecode.swift; path = FluidityUITestsLaunchTests.swift; sourceTree = "<group>"; };
		A67DFE82290CA6D80038A7BB /* LoginViewController.swift */ = {isa = PBXFileReference; lastKnownFileType = sourcecode.swift; path = LoginViewController.swift; sourceTree = "<group>"; };
		A67DFE84290CA6F40038A7BB /* HomeViewController.swift */ = {isa = PBXFileReference; lastKnownFileType = sourcecode.swift; path = HomeViewController.swift; sourceTree = "<group>"; };
		A67DFE86290CAE460038A7BB /* RegisterViewController.swift */ = {isa = PBXFileReference; lastKnownFileType = sourcecode.swift; path = RegisterViewController.swift; sourceTree = "<group>"; };
		DC1794111BBA180EAB9299D0 /* Pods_FluidityTests.framework */ = {isa = PBXFileReference; explicitFileType = wrapper.framework; includeInIndex = 0; path = Pods_FluidityTests.framework; sourceTree = BUILT_PRODUCTS_DIR; };
		F825103D89BA5A665F089235 /* Pods_Fluidity.framework */ = {isa = PBXFileReference; explicitFileType = wrapper.framework; includeInIndex = 0; path = Pods_Fluidity.framework; sourceTree = BUILT_PRODUCTS_DIR; };
		FA572EF5CFD7C14B5C7831E7 /* Pods-Fluidity-FluidityUITests.debug.xcconfig */ = {isa = PBXFileReference; includeInIndex = 1; lastKnownFileType = text.xcconfig; name = "Pods-Fluidity-FluidityUITests.debug.xcconfig"; path = "Target Support Files/Pods-Fluidity-FluidityUITests/Pods-Fluidity-FluidityUITests.debug.xcconfig"; sourceTree = "<group>"; };
/* End PBXFileReference section */

/* Begin PBXFrameworksBuildPhase section */
		A67DFE4C290CA0320038A7BB /* Frameworks */ = {
			isa = PBXFrameworksBuildPhase;
			buildActionMask = 2147483647;
			files = (
				9DF1E7B0DA0C1D2461A79E1F /* Pods_Fluidity.framework in Frameworks */,
			);
			runOnlyForDeploymentPostprocessing = 0;
		};
		A67DFE62290CA0340038A7BB /* Frameworks */ = {
			isa = PBXFrameworksBuildPhase;
			buildActionMask = 2147483647;
			files = (
				1C232AFC682B51718DF7194E /* Pods_FluidityTests.framework in Frameworks */,
			);
			runOnlyForDeploymentPostprocessing = 0;
		};
		A67DFE6C290CA0340038A7BB /* Frameworks */ = {
			isa = PBXFrameworksBuildPhase;
			buildActionMask = 2147483647;
			files = (
				2C09E66AF2CB655F68EEFAA9 /* Pods_Fluidity_FluidityUITests.framework in Frameworks */,
			);
			runOnlyForDeploymentPostprocessing = 0;
		};
/* End PBXFrameworksBuildPhase section */

/* Begin PBXGroup section */
		38BDD7475F7A623663BE82CE /* Pods */ = {
			isa = PBXGroup;
			children = (
				109D72D5922DB798777530D4 /* Pods-Fluidity.debug.xcconfig */,
				303670456047E12525A0ED3E /* Pods-Fluidity.release.xcconfig */,
				FA572EF5CFD7C14B5C7831E7 /* Pods-Fluidity-FluidityUITests.debug.xcconfig */,
				470754902F618C3C030CB72E /* Pods-Fluidity-FluidityUITests.release.xcconfig */,
				842D6BCF7FD1F8F0B4EA1436 /* Pods-FluidityTests.debug.xcconfig */,
				167AC2FCCAFC6912983592E4 /* Pods-FluidityTests.release.xcconfig */,
			);
			path = Pods;
			sourceTree = "<group>";
		};
		A67DFE46290CA0320038A7BB = {
			isa = PBXGroup;
			children = (
				A67DFE51290CA0320038A7BB /* Fluidity */,
				A67DFE68290CA0340038A7BB /* FluidityTests */,
				A67DFE72290CA0340038A7BB /* FluidityUITests */,
				A67DFE50290CA0320038A7BB /* Products */,
				38BDD7475F7A623663BE82CE /* Pods */,
				F85A7A04C6153B52722486BC /* Frameworks */,
			);
			sourceTree = "<group>";
		};
		A67DFE50290CA0320038A7BB /* Products */ = {
			isa = PBXGroup;
			children = (
				A67DFE4F290CA0320038A7BB /* Fluidity.app */,
				A67DFE65290CA0340038A7BB /* FluidityTests.xctest */,
				A67DFE6F290CA0340038A7BB /* FluidityUITests.xctest */,
			);
			name = Products;
			sourceTree = "<group>";
		};
		A67DFE51290CA0320038A7BB /* Fluidity */ = {
			isa = PBXGroup;
			children = (
				A67DFE52290CA0320038A7BB /* AppDelegate.swift */,
				A67DFE54290CA0320038A7BB /* SceneDelegate.swift */,
				A67DFE58290CA0320038A7BB /* Main.storyboard */,
				A67DFE5B290CA0340038A7BB /* Assets.xcassets */,
				A67DFE5D290CA0340038A7BB /* LaunchScreen.storyboard */,
				A67DFE60290CA0340038A7BB /* Info.plist */,
				A612395A291E31F6001D97B1 /* Fluidity_alarm.mp3 */,
				A67DFE82290CA6D80038A7BB /* LoginViewController.swift */,
				A67DFE84290CA6F40038A7BB /* HomeViewController.swift */,
				A67DFE86290CAE460038A7BB /* RegisterViewController.swift */,
				0EB73FD2290DBEF200D42091 /* TipDetailsViewController.swift */,
				0E9CC85229175E4D00726BAD /* SettingsViewController.swift */,
				0E6B3343291E06940025174E /* AccountViewController.swift */,
				0E6B3347291E13260025174E /* ViewController.swift */,
				A612395E291EA68F001D97B1 /* StudyTipsViewController.swift */,
				A6123960291EA909001D97B1 /* ProfileViewController.swift */,
				A6123962291EAC28001D97B1 /* StudyTipsCell.swift */,
				A6123964291EBBA0001D97B1 /* StudyTipsVideoViewController.swift */,
			);
			path = Fluidity;
			sourceTree = "<group>";
		};
		A67DFE68290CA0340038A7BB /* FluidityTests */ = {
			isa = PBXGroup;
			children = (
				A67DFE69290CA0340038A7BB /* FluidityTests.swift */,
			);
			path = FluidityTests;
			sourceTree = "<group>";
		};
		A67DFE72290CA0340038A7BB /* FluidityUITests */ = {
			isa = PBXGroup;
			children = (
				A67DFE73290CA0340038A7BB /* FluidityUITests.swift */,
				A67DFE75290CA0340038A7BB /* FluidityUITestsLaunchTests.swift */,
			);
			path = FluidityUITests;
			sourceTree = "<group>";
		};
		F85A7A04C6153B52722486BC /* Frameworks */ = {
			isa = PBXGroup;
			children = (
				F825103D89BA5A665F089235 /* Pods_Fluidity.framework */,
				94F70796B67E088B5909C696 /* Pods_Fluidity_FluidityUITests.framework */,
				DC1794111BBA180EAB9299D0 /* Pods_FluidityTests.framework */,
			);
			name = Frameworks;
			sourceTree = "<group>";
		};
/* End PBXGroup section */

/* Begin PBXNativeTarget section */
		A67DFE4E290CA0320038A7BB /* Fluidity */ = {
			isa = PBXNativeTarget;
			buildConfigurationList = A67DFE79290CA0340038A7BB /* Build configuration list for PBXNativeTarget "Fluidity" */;
			buildPhases = (
				6F75892753C107ADC8831D82 /* [CP] Check Pods Manifest.lock */,
				A67DFE4B290CA0320038A7BB /* Sources */,
				A67DFE4C290CA0320038A7BB /* Frameworks */,
				A67DFE4D290CA0320038A7BB /* Resources */,
				3F858C6088F601E06EB4B6AC /* [CP] Embed Pods Frameworks */,
			);
			buildRules = (
			);
			dependencies = (
			);
			name = Fluidity;
			productName = Fluidity;
			productReference = A67DFE4F290CA0320038A7BB /* Fluidity.app */;
			productType = "com.apple.product-type.application";
		};
		A67DFE64290CA0340038A7BB /* FluidityTests */ = {
			isa = PBXNativeTarget;
			buildConfigurationList = A67DFE7C290CA0340038A7BB /* Build configuration list for PBXNativeTarget "FluidityTests" */;
			buildPhases = (
				6AA41F28CFD8577939A6DDDD /* [CP] Check Pods Manifest.lock */,
				A67DFE61290CA0340038A7BB /* Sources */,
				A67DFE62290CA0340038A7BB /* Frameworks */,
				A67DFE63290CA0340038A7BB /* Resources */,
			);
			buildRules = (
			);
			dependencies = (
				A67DFE67290CA0340038A7BB /* PBXTargetDependency */,
			);
			name = FluidityTests;
			productName = FluidityTests;
			productReference = A67DFE65290CA0340038A7BB /* FluidityTests.xctest */;
			productType = "com.apple.product-type.bundle.unit-test";
		};
		A67DFE6E290CA0340038A7BB /* FluidityUITests */ = {
			isa = PBXNativeTarget;
			buildConfigurationList = A67DFE7F290CA0340038A7BB /* Build configuration list for PBXNativeTarget "FluidityUITests" */;
			buildPhases = (
				70E05929A9D983BA7B95469D /* [CP] Check Pods Manifest.lock */,
				A67DFE6B290CA0340038A7BB /* Sources */,
				A67DFE6C290CA0340038A7BB /* Frameworks */,
				A67DFE6D290CA0340038A7BB /* Resources */,
				0EB5FC1DDDBBF79F8389A6DB /* [CP] Embed Pods Frameworks */,
			);
			buildRules = (
			);
			dependencies = (
				A67DFE71290CA0340038A7BB /* PBXTargetDependency */,
			);
			name = FluidityUITests;
			productName = FluidityUITests;
			productReference = A67DFE6F290CA0340038A7BB /* FluidityUITests.xctest */;
			productType = "com.apple.product-type.bundle.ui-testing";
		};
/* End PBXNativeTarget section */

/* Begin PBXProject section */
		A67DFE47290CA0320038A7BB /* Project object */ = {
			isa = PBXProject;
			attributes = {
				BuildIndependentTargetsInParallel = 1;
				LastSwiftUpdateCheck = 1400;
				LastUpgradeCheck = 1400;
				TargetAttributes = {
					A67DFE4E290CA0320038A7BB = {
						CreatedOnToolsVersion = 14.0.1;
					};
					A67DFE64290CA0340038A7BB = {
						CreatedOnToolsVersion = 14.0.1;
						TestTargetID = A67DFE4E290CA0320038A7BB;
					};
					A67DFE6E290CA0340038A7BB = {
						CreatedOnToolsVersion = 14.0.1;
						TestTargetID = A67DFE4E290CA0320038A7BB;
					};
				};
			};
			buildConfigurationList = A67DFE4A290CA0320038A7BB /* Build configuration list for PBXProject "Fluidity" */;
			compatibilityVersion = "Xcode 13.0";
			developmentRegion = en;
			hasScannedForEncodings = 0;
			knownRegions = (
				en,
				Base,
			);
			mainGroup = A67DFE46290CA0320038A7BB;
			productRefGroup = A67DFE50290CA0320038A7BB /* Products */;
			projectDirPath = "";
			projectRoot = "";
			targets = (
				A67DFE4E290CA0320038A7BB /* Fluidity */,
				A67DFE64290CA0340038A7BB /* FluidityTests */,
				A67DFE6E290CA0340038A7BB /* FluidityUITests */,
			);
		};
/* End PBXProject section */

/* Begin PBXResourcesBuildPhase section */
		A67DFE4D290CA0320038A7BB /* Resources */ = {
			isa = PBXResourcesBuildPhase;
			buildActionMask = 2147483647;
			files = (
				A612395B291E31F6001D97B1 /* Fluidity_alarm.mp3 in Resources */,
				A67DFE5F290CA0340038A7BB /* LaunchScreen.storyboard in Resources */,
				A67DFE5C290CA0340038A7BB /* Assets.xcassets in Resources */,
				A67DFE5A290CA0320038A7BB /* Main.storyboard in Resources */,
			);
			runOnlyForDeploymentPostprocessing = 0;
		};
		A67DFE63290CA0340038A7BB /* Resources */ = {
			isa = PBXResourcesBuildPhase;
			buildActionMask = 2147483647;
			files = (
			);
			runOnlyForDeploymentPostprocessing = 0;
		};
		A67DFE6D290CA0340038A7BB /* Resources */ = {
			isa = PBXResourcesBuildPhase;
			buildActionMask = 2147483647;
			files = (
			);
			runOnlyForDeploymentPostprocessing = 0;
		};
/* End PBXResourcesBuildPhase section */

/* Begin PBXShellScriptBuildPhase section */
		0EB5FC1DDDBBF79F8389A6DB /* [CP] Embed Pods Frameworks */ = {
			isa = PBXShellScriptBuildPhase;
			buildActionMask = 2147483647;
			files = (
			);
			inputFileListPaths = (
				"${PODS_ROOT}/Target Support Files/Pods-Fluidity-FluidityUITests/Pods-Fluidity-FluidityUITests-frameworks-${CONFIGURATION}-input-files.xcfilelist",
			);
			name = "[CP] Embed Pods Frameworks";
			outputFileListPaths = (
				"${PODS_ROOT}/Target Support Files/Pods-Fluidity-FluidityUITests/Pods-Fluidity-FluidityUITests-frameworks-${CONFIGURATION}-output-files.xcfilelist",
			);
			runOnlyForDeploymentPostprocessing = 0;
			shellPath = /bin/sh;
			shellScript = "\"${PODS_ROOT}/Target Support Files/Pods-Fluidity-FluidityUITests/Pods-Fluidity-FluidityUITests-frameworks.sh\"\n";
			showEnvVarsInLog = 0;
		};
		3F858C6088F601E06EB4B6AC /* [CP] Embed Pods Frameworks */ = {
			isa = PBXShellScriptBuildPhase;
			buildActionMask = 2147483647;
			files = (
			);
			inputFileListPaths = (
				"${PODS_ROOT}/Target Support Files/Pods-Fluidity/Pods-Fluidity-frameworks-${CONFIGURATION}-input-files.xcfilelist",
			);
			name = "[CP] Embed Pods Frameworks";
			outputFileListPaths = (
				"${PODS_ROOT}/Target Support Files/Pods-Fluidity/Pods-Fluidity-frameworks-${CONFIGURATION}-output-files.xcfilelist",
			);
			runOnlyForDeploymentPostprocessing = 0;
			shellPath = /bin/sh;
			shellScript = "\"${PODS_ROOT}/Target Support Files/Pods-Fluidity/Pods-Fluidity-frameworks.sh\"\n";
			showEnvVarsInLog = 0;
		};
		6AA41F28CFD8577939A6DDDD /* [CP] Check Pods Manifest.lock */ = {
			isa = PBXShellScriptBuildPhase;
			buildActionMask = 2147483647;
			files = (
			);
			inputFileListPaths = (
			);
			inputPaths = (
				"${PODS_PODFILE_DIR_PATH}/Podfile.lock",
				"${PODS_ROOT}/Manifest.lock",
			);
			name = "[CP] Check Pods Manifest.lock";
			outputFileListPaths = (
			);
			outputPaths = (
				"$(DERIVED_FILE_DIR)/Pods-FluidityTests-checkManifestLockResult.txt",
			);
			runOnlyForDeploymentPostprocessing = 0;
			shellPath = /bin/sh;
			shellScript = "diff \"${PODS_PODFILE_DIR_PATH}/Podfile.lock\" \"${PODS_ROOT}/Manifest.lock\" > /dev/null\nif [ $? != 0 ] ; then\n    # print error to STDERR\n    echo \"error: The sandbox is not in sync with the Podfile.lock. Run 'pod install' or update your CocoaPods installation.\" >&2\n    exit 1\nfi\n# This output is used by Xcode 'outputs' to avoid re-running this script phase.\necho \"SUCCESS\" > \"${SCRIPT_OUTPUT_FILE_0}\"\n";
			showEnvVarsInLog = 0;
		};
		6F75892753C107ADC8831D82 /* [CP] Check Pods Manifest.lock */ = {
			isa = PBXShellScriptBuildPhase;
			buildActionMask = 2147483647;
			files = (
			);
			inputFileListPaths = (
			);
			inputPaths = (
				"${PODS_PODFILE_DIR_PATH}/Podfile.lock",
				"${PODS_ROOT}/Manifest.lock",
			);
			name = "[CP] Check Pods Manifest.lock";
			outputFileListPaths = (
			);
			outputPaths = (
				"$(DERIVED_FILE_DIR)/Pods-Fluidity-checkManifestLockResult.txt",
			);
			runOnlyForDeploymentPostprocessing = 0;
			shellPath = /bin/sh;
			shellScript = "diff \"${PODS_PODFILE_DIR_PATH}/Podfile.lock\" \"${PODS_ROOT}/Manifest.lock\" > /dev/null\nif [ $? != 0 ] ; then\n    # print error to STDERR\n    echo \"error: The sandbox is not in sync with the Podfile.lock. Run 'pod install' or update your CocoaPods installation.\" >&2\n    exit 1\nfi\n# This output is used by Xcode 'outputs' to avoid re-running this script phase.\necho \"SUCCESS\" > \"${SCRIPT_OUTPUT_FILE_0}\"\n";
			showEnvVarsInLog = 0;
		};
		70E05929A9D983BA7B95469D /* [CP] Check Pods Manifest.lock */ = {
			isa = PBXShellScriptBuildPhase;
			buildActionMask = 2147483647;
			files = (
			);
			inputFileListPaths = (
			);
			inputPaths = (
				"${PODS_PODFILE_DIR_PATH}/Podfile.lock",
				"${PODS_ROOT}/Manifest.lock",
			);
			name = "[CP] Check Pods Manifest.lock";
			outputFileListPaths = (
			);
			outputPaths = (
				"$(DERIVED_FILE_DIR)/Pods-Fluidity-FluidityUITests-checkManifestLockResult.txt",
			);
			runOnlyForDeploymentPostprocessing = 0;
			shellPath = /bin/sh;
			shellScript = "diff \"${PODS_PODFILE_DIR_PATH}/Podfile.lock\" \"${PODS_ROOT}/Manifest.lock\" > /dev/null\nif [ $? != 0 ] ; then\n    # print error to STDERR\n    echo \"error: The sandbox is not in sync with the Podfile.lock. Run 'pod install' or update your CocoaPods installation.\" >&2\n    exit 1\nfi\n# This output is used by Xcode 'outputs' to avoid re-running this script phase.\necho \"SUCCESS\" > \"${SCRIPT_OUTPUT_FILE_0}\"\n";
			showEnvVarsInLog = 0;
		};
/* End PBXShellScriptBuildPhase section */

/* Begin PBXSourcesBuildPhase section */
		A67DFE4B290CA0320038A7BB /* Sources */ = {
			isa = PBXSourcesBuildPhase;
			buildActionMask = 2147483647;
			files = (
				A67DFE83290CA6D80038A7BB /* LoginViewController.swift in Sources */,
				A67DFE87290CAE460038A7BB /* RegisterViewController.swift in Sources */,
				A612395F291EA68F001D97B1 /* StudyTipsViewController.swift in Sources */,
				A6123963291EAC28001D97B1 /* StudyTipsCell.swift in Sources */,
				0EB73FD3290DBEF200D42091 /* TipDetailsViewController.swift in Sources */,
				0E6B3348291E13260025174E /* ViewController.swift in Sources */,
				A67DFE53290CA0320038A7BB /* AppDelegate.swift in Sources */,
				A6123961291EA909001D97B1 /* ProfileViewController.swift in Sources */,
				0E6B3344291E06940025174E /* AccountViewController.swift in Sources */,
				A67DFE55290CA0320038A7BB /* SceneDelegate.swift in Sources */,
				A6123965291EBBA0001D97B1 /* StudyTipsVideoViewController.swift in Sources */,
				A67DFE85290CA6F40038A7BB /* HomeViewController.swift in Sources */,
				0E9CC85329175E4D00726BAD /* SettingsViewController.swift in Sources */,
			);
			runOnlyForDeploymentPostprocessing = 0;
		};
		A67DFE61290CA0340038A7BB /* Sources */ = {
			isa = PBXSourcesBuildPhase;
			buildActionMask = 2147483647;
			files = (
				A67DFE6A290CA0340038A7BB /* FluidityTests.swift in Sources */,
			);
			runOnlyForDeploymentPostprocessing = 0;
		};
		A67DFE6B290CA0340038A7BB /* Sources */ = {
			isa = PBXSourcesBuildPhase;
			buildActionMask = 2147483647;
			files = (
				A67DFE76290CA0340038A7BB /* FluidityUITestsLaunchTests.swift in Sources */,
				A67DFE74290CA0340038A7BB /* FluidityUITests.swift in Sources */,
			);
			runOnlyForDeploymentPostprocessing = 0;
		};
/* End PBXSourcesBuildPhase section */

/* Begin PBXTargetDependency section */
		A67DFE67290CA0340038A7BB /* PBXTargetDependency */ = {
			isa = PBXTargetDependency;
			target = A67DFE4E290CA0320038A7BB /* Fluidity */;
			targetProxy = A67DFE66290CA0340038A7BB /* PBXContainerItemProxy */;
		};
		A67DFE71290CA0340038A7BB /* PBXTargetDependency */ = {
			isa = PBXTargetDependency;
			target = A67DFE4E290CA0320038A7BB /* Fluidity */;
			targetProxy = A67DFE70290CA0340038A7BB /* PBXContainerItemProxy */;
		};
/* End PBXTargetDependency section */

/* Begin PBXVariantGroup section */
		A67DFE58290CA0320038A7BB /* Main.storyboard */ = {
			isa = PBXVariantGroup;
			children = (
				A67DFE59290CA0320038A7BB /* Base */,
			);
			name = Main.storyboard;
			sourceTree = "<group>";
		};
		A67DFE5D290CA0340038A7BB /* LaunchScreen.storyboard */ = {
			isa = PBXVariantGroup;
			children = (
				A67DFE5E290CA0340038A7BB /* Base */,
			);
			name = LaunchScreen.storyboard;
			sourceTree = "<group>";
		};
/* End PBXVariantGroup section */

/* Begin XCBuildConfiguration section */
		A67DFE77290CA0340038A7BB /* Debug */ = {
			isa = XCBuildConfiguration;
			buildSettings = {
				ALWAYS_SEARCH_USER_PATHS = NO;
				CLANG_ANALYZER_NONNULL = YES;
				CLANG_ANALYZER_NUMBER_OBJECT_CONVERSION = YES_AGGRESSIVE;
				CLANG_CXX_LANGUAGE_STANDARD = "gnu++20";
				CLANG_ENABLE_MODULES = YES;
				CLANG_ENABLE_OBJC_ARC = YES;
				CLANG_ENABLE_OBJC_WEAK = YES;
				CLANG_WARN_BLOCK_CAPTURE_AUTORELEASING = YES;
				CLANG_WARN_BOOL_CONVERSION = YES;
				CLANG_WARN_COMMA = YES;
				CLANG_WARN_CONSTANT_CONVERSION = YES;
				CLANG_WARN_DEPRECATED_OBJC_IMPLEMENTATIONS = YES;
				CLANG_WARN_DIRECT_OBJC_ISA_USAGE = YES_ERROR;
				CLANG_WARN_DOCUMENTATION_COMMENTS = YES;
				CLANG_WARN_EMPTY_BODY = YES;
				CLANG_WARN_ENUM_CONVERSION = YES;
				CLANG_WARN_INFINITE_RECURSION = YES;
				CLANG_WARN_INT_CONVERSION = YES;
				CLANG_WARN_NON_LITERAL_NULL_CONVERSION = YES;
				CLANG_WARN_OBJC_IMPLICIT_RETAIN_SELF = YES;
				CLANG_WARN_OBJC_LITERAL_CONVERSION = YES;
				CLANG_WARN_OBJC_ROOT_CLASS = YES_ERROR;
				CLANG_WARN_QUOTED_INCLUDE_IN_FRAMEWORK_HEADER = YES;
				CLANG_WARN_RANGE_LOOP_ANALYSIS = YES;
				CLANG_WARN_STRICT_PROTOTYPES = YES;
				CLANG_WARN_SUSPICIOUS_MOVE = YES;
				CLANG_WARN_UNGUARDED_AVAILABILITY = YES_AGGRESSIVE;
				CLANG_WARN_UNREACHABLE_CODE = YES;
				CLANG_WARN__DUPLICATE_METHOD_MATCH = YES;
				COPY_PHASE_STRIP = NO;
				DEBUG_INFORMATION_FORMAT = dwarf;
				ENABLE_STRICT_OBJC_MSGSEND = YES;
				ENABLE_TESTABILITY = YES;
				GCC_C_LANGUAGE_STANDARD = gnu11;
				GCC_DYNAMIC_NO_PIC = NO;
				GCC_NO_COMMON_BLOCKS = YES;
				GCC_OPTIMIZATION_LEVEL = 0;
				GCC_PREPROCESSOR_DEFINITIONS = (
					"DEBUG=1",
					"$(inherited)",
				);
				GCC_WARN_64_TO_32_BIT_CONVERSION = YES;
				GCC_WARN_ABOUT_RETURN_TYPE = YES_ERROR;
				GCC_WARN_UNDECLARED_SELECTOR = YES;
				GCC_WARN_UNINITIALIZED_AUTOS = YES_AGGRESSIVE;
				GCC_WARN_UNUSED_FUNCTION = YES;
				GCC_WARN_UNUSED_VARIABLE = YES;
				IPHONEOS_DEPLOYMENT_TARGET = 16.0;
				MTL_ENABLE_DEBUG_INFO = INCLUDE_SOURCE;
				MTL_FAST_MATH = YES;
				ONLY_ACTIVE_ARCH = YES;
				SDKROOT = iphoneos;
				SWIFT_ACTIVE_COMPILATION_CONDITIONS = DEBUG;
				SWIFT_OPTIMIZATION_LEVEL = "-Onone";
			};
			name = Debug;
		};
		A67DFE78290CA0340038A7BB /* Release */ = {
			isa = XCBuildConfiguration;
			buildSettings = {
				ALWAYS_SEARCH_USER_PATHS = NO;
				CLANG_ANALYZER_NONNULL = YES;
				CLANG_ANALYZER_NUMBER_OBJECT_CONVERSION = YES_AGGRESSIVE;
				CLANG_CXX_LANGUAGE_STANDARD = "gnu++20";
				CLANG_ENABLE_MODULES = YES;
				CLANG_ENABLE_OBJC_ARC = YES;
				CLANG_ENABLE_OBJC_WEAK = YES;
				CLANG_WARN_BLOCK_CAPTURE_AUTORELEASING = YES;
				CLANG_WARN_BOOL_CONVERSION = YES;
				CLANG_WARN_COMMA = YES;
				CLANG_WARN_CONSTANT_CONVERSION = YES;
				CLANG_WARN_DEPRECATED_OBJC_IMPLEMENTATIONS = YES;
				CLANG_WARN_DIRECT_OBJC_ISA_USAGE = YES_ERROR;
				CLANG_WARN_DOCUMENTATION_COMMENTS = YES;
				CLANG_WARN_EMPTY_BODY = YES;
				CLANG_WARN_ENUM_CONVERSION = YES;
				CLANG_WARN_INFINITE_RECURSION = YES;
				CLANG_WARN_INT_CONVERSION = YES;
				CLANG_WARN_NON_LITERAL_NULL_CONVERSION = YES;
				CLANG_WARN_OBJC_IMPLICIT_RETAIN_SELF = YES;
				CLANG_WARN_OBJC_LITERAL_CONVERSION = YES;
				CLANG_WARN_OBJC_ROOT_CLASS = YES_ERROR;
				CLANG_WARN_QUOTED_INCLUDE_IN_FRAMEWORK_HEADER = YES;
				CLANG_WARN_RANGE_LOOP_ANALYSIS = YES;
				CLANG_WARN_STRICT_PROTOTYPES = YES;
				CLANG_WARN_SUSPICIOUS_MOVE = YES;
				CLANG_WARN_UNGUARDED_AVAILABILITY = YES_AGGRESSIVE;
				CLANG_WARN_UNREACHABLE_CODE = YES;
				CLANG_WARN__DUPLICATE_METHOD_MATCH = YES;
				COPY_PHASE_STRIP = NO;
				DEBUG_INFORMATION_FORMAT = "dwarf-with-dsym";
				ENABLE_NS_ASSERTIONS = NO;
				ENABLE_STRICT_OBJC_MSGSEND = YES;
				GCC_C_LANGUAGE_STANDARD = gnu11;
				GCC_NO_COMMON_BLOCKS = YES;
				GCC_WARN_64_TO_32_BIT_CONVERSION = YES;
				GCC_WARN_ABOUT_RETURN_TYPE = YES_ERROR;
				GCC_WARN_UNDECLARED_SELECTOR = YES;
				GCC_WARN_UNINITIALIZED_AUTOS = YES_AGGRESSIVE;
				GCC_WARN_UNUSED_FUNCTION = YES;
				GCC_WARN_UNUSED_VARIABLE = YES;
				IPHONEOS_DEPLOYMENT_TARGET = 16.0;
				MTL_ENABLE_DEBUG_INFO = NO;
				MTL_FAST_MATH = YES;
				SDKROOT = iphoneos;
				SWIFT_COMPILATION_MODE = wholemodule;
				SWIFT_OPTIMIZATION_LEVEL = "-O";
				VALIDATE_PRODUCT = YES;
			};
			name = Release;
		};
		A67DFE7A290CA0340038A7BB /* Debug */ = {
			isa = XCBuildConfiguration;
			baseConfigurationReference = 109D72D5922DB798777530D4 /* Pods-Fluidity.debug.xcconfig */;
			buildSettings = {
				ASSETCATALOG_COMPILER_APPICON_NAME = AppIcon;
				ASSETCATALOG_COMPILER_GLOBAL_ACCENT_COLOR_NAME = AccentColor;
				CODE_SIGN_STYLE = Automatic;
				CURRENT_PROJECT_VERSION = 1;
				DEVELOPMENT_TEAM = 5RQ5LQSGV6;
				GENERATE_INFOPLIST_FILE = YES;
				INFOPLIST_FILE = Fluidity/Info.plist;
				INFOPLIST_KEY_UIApplicationSupportsIndirectInputEvents = YES;
				INFOPLIST_KEY_UILaunchStoryboardName = LaunchScreen;
				INFOPLIST_KEY_UIMainStoryboardFile = Main;
				INFOPLIST_KEY_UISupportedInterfaceOrientations_iPad = "UIInterfaceOrientationPortrait UIInterfaceOrientationPortraitUpsideDown UIInterfaceOrientationLandscapeLeft UIInterfaceOrientationLandscapeRight";
				INFOPLIST_KEY_UISupportedInterfaceOrientations_iPhone = "UIInterfaceOrientationPortrait UIInterfaceOrientationLandscapeLeft UIInterfaceOrientationLandscapeRight";
				IPHONEOS_DEPLOYMENT_TARGET = 15.0;
				LD_RUNPATH_SEARCH_PATHS = (
					"$(inherited)",
					"@executable_path/Frameworks",
				);
				MARKETING_VERSION = 1.0;
				PRODUCT_BUNDLE_IDENTIFIER = com.SLL.Fluidity;
				PRODUCT_NAME = "$(TARGET_NAME)";
				SWIFT_EMIT_LOC_STRINGS = YES;
				SWIFT_VERSION = 5.0;
				TARGETED_DEVICE_FAMILY = "1,2";
			};
			name = Debug;
		};
		A67DFE7B290CA0340038A7BB /* Release */ = {
			isa = XCBuildConfiguration;
			baseConfigurationReference = 303670456047E12525A0ED3E /* Pods-Fluidity.release.xcconfig */;
			buildSettings = {
				ASSETCATALOG_COMPILER_APPICON_NAME = AppIcon;
				ASSETCATALOG_COMPILER_GLOBAL_ACCENT_COLOR_NAME = AccentColor;
				CODE_SIGN_STYLE = Automatic;
				CURRENT_PROJECT_VERSION = 1;
				DEVELOPMENT_TEAM = 5RQ5LQSGV6;
				GENERATE_INFOPLIST_FILE = YES;
				INFOPLIST_FILE = Fluidity/Info.plist;
				INFOPLIST_KEY_UIApplicationSupportsIndirectInputEvents = YES;
				INFOPLIST_KEY_UILaunchStoryboardName = LaunchScreen;
				INFOPLIST_KEY_UIMainStoryboardFile = Main;
				INFOPLIST_KEY_UISupportedInterfaceOrientations_iPad = "UIInterfaceOrientationPortrait UIInterfaceOrientationPortraitUpsideDown UIInterfaceOrientationLandscapeLeft UIInterfaceOrientationLandscapeRight";
				INFOPLIST_KEY_UISupportedInterfaceOrientations_iPhone = "UIInterfaceOrientationPortrait UIInterfaceOrientationLandscapeLeft UIInterfaceOrientationLandscapeRight";
				IPHONEOS_DEPLOYMENT_TARGET = 15.0;
				LD_RUNPATH_SEARCH_PATHS = (
					"$(inherited)",
					"@executable_path/Frameworks",
				);
				MARKETING_VERSION = 1.0;
				PRODUCT_BUNDLE_IDENTIFIER = com.SLL.Fluidity;
				PRODUCT_NAME = "$(TARGET_NAME)";
				SWIFT_EMIT_LOC_STRINGS = YES;
				SWIFT_VERSION = 5.0;
				TARGETED_DEVICE_FAMILY = "1,2";
			};
			name = Release;
		};
		A67DFE7D290CA0340038A7BB /* Debug */ = {
			isa = XCBuildConfiguration;
			baseConfigurationReference = 842D6BCF7FD1F8F0B4EA1436 /* Pods-FluidityTests.debug.xcconfig */;
			buildSettings = {
				ALWAYS_EMBED_SWIFT_STANDARD_LIBRARIES = YES;
				BUNDLE_LOADER = "$(TEST_HOST)";
				CODE_SIGN_STYLE = Automatic;
				CURRENT_PROJECT_VERSION = 1;
				DEVELOPMENT_TEAM = 5RQ5LQSGV6;
				GENERATE_INFOPLIST_FILE = YES;
				IPHONEOS_DEPLOYMENT_TARGET = 16.0;
				MARKETING_VERSION = 1.0;
				PRODUCT_BUNDLE_IDENTIFIER = com.SLL.FluidityTests;
				PRODUCT_NAME = "$(TARGET_NAME)";
				SWIFT_EMIT_LOC_STRINGS = NO;
				SWIFT_VERSION = 5.0;
				TARGETED_DEVICE_FAMILY = "1,2";
				TEST_HOST = "$(BUILT_PRODUCTS_DIR)/Fluidity.app/$(BUNDLE_EXECUTABLE_FOLDER_PATH)/Fluidity";
			};
			name = Debug;
		};
		A67DFE7E290CA0340038A7BB /* Release */ = {
			isa = XCBuildConfiguration;
			baseConfigurationReference = 167AC2FCCAFC6912983592E4 /* Pods-FluidityTests.release.xcconfig */;
			buildSettings = {
				ALWAYS_EMBED_SWIFT_STANDARD_LIBRARIES = YES;
				BUNDLE_LOADER = "$(TEST_HOST)";
				CODE_SIGN_STYLE = Automatic;
				CURRENT_PROJECT_VERSION = 1;
				DEVELOPMENT_TEAM = 5RQ5LQSGV6;
				GENERATE_INFOPLIST_FILE = YES;
				IPHONEOS_DEPLOYMENT_TARGET = 16.0;
				MARKETING_VERSION = 1.0;
				PRODUCT_BUNDLE_IDENTIFIER = com.SLL.FluidityTests;
				PRODUCT_NAME = "$(TARGET_NAME)";
				SWIFT_EMIT_LOC_STRINGS = NO;
				SWIFT_VERSION = 5.0;
				TARGETED_DEVICE_FAMILY = "1,2";
				TEST_HOST = "$(BUILT_PRODUCTS_DIR)/Fluidity.app/$(BUNDLE_EXECUTABLE_FOLDER_PATH)/Fluidity";
			};
			name = Release;
		};
		A67DFE80290CA0340038A7BB /* Debug */ = {
			isa = XCBuildConfiguration;
			baseConfigurationReference = FA572EF5CFD7C14B5C7831E7 /* Pods-Fluidity-FluidityUITests.debug.xcconfig */;
			buildSettings = {
				ALWAYS_EMBED_SWIFT_STANDARD_LIBRARIES = YES;
				CODE_SIGN_STYLE = Automatic;
				CURRENT_PROJECT_VERSION = 1;
				DEVELOPMENT_TEAM = 5RQ5LQSGV6;
				GENERATE_INFOPLIST_FILE = YES;
				MARKETING_VERSION = 1.0;
				PRODUCT_BUNDLE_IDENTIFIER = com.SLL.FluidityUITests;
				PRODUCT_NAME = "$(TARGET_NAME)";
				SWIFT_EMIT_LOC_STRINGS = NO;
				SWIFT_VERSION = 5.0;
				TARGETED_DEVICE_FAMILY = "1,2";
				TEST_TARGET_NAME = Fluidity;
			};
			name = Debug;
		};
		A67DFE81290CA0340038A7BB /* Release */ = {
			isa = XCBuildConfiguration;
			baseConfigurationReference = 470754902F618C3C030CB72E /* Pods-Fluidity-FluidityUITests.release.xcconfig */;
			buildSettings = {
				ALWAYS_EMBED_SWIFT_STANDARD_LIBRARIES = YES;
				CODE_SIGN_STYLE = Automatic;
				CURRENT_PROJECT_VERSION = 1;
				DEVELOPMENT_TEAM = 5RQ5LQSGV6;
				GENERATE_INFOPLIST_FILE = YES;
				MARKETING_VERSION = 1.0;
				PRODUCT_BUNDLE_IDENTIFIER = com.SLL.FluidityUITests;
				PRODUCT_NAME = "$(TARGET_NAME)";
				SWIFT_EMIT_LOC_STRINGS = NO;
				SWIFT_VERSION = 5.0;
				TARGETED_DEVICE_FAMILY = "1,2";
				TEST_TARGET_NAME = Fluidity;
			};
			name = Release;
		};
/* End XCBuildConfiguration section */

/* Begin XCConfigurationList section */
		A67DFE4A290CA0320038A7BB /* Build configuration list for PBXProject "Fluidity" */ = {
			isa = XCConfigurationList;
			buildConfigurations = (
				A67DFE77290CA0340038A7BB /* Debug */,
				A67DFE78290CA0340038A7BB /* Release */,
			);
			defaultConfigurationIsVisible = 0;
			defaultConfigurationName = Release;
		};
		A67DFE79290CA0340038A7BB /* Build configuration list for PBXNativeTarget "Fluidity" */ = {
			isa = XCConfigurationList;
			buildConfigurations = (
				A67DFE7A290CA0340038A7BB /* Debug */,
				A67DFE7B290CA0340038A7BB /* Release */,
			);
			defaultConfigurationIsVisible = 0;
			defaultConfigurationName = Release;
		};
		A67DFE7C290CA0340038A7BB /* Build configuration list for PBXNativeTarget "FluidityTests" */ = {
			isa = XCConfigurationList;
			buildConfigurations = (
				A67DFE7D290CA0340038A7BB /* Debug */,
				A67DFE7E290CA0340038A7BB /* Release */,
			);
			defaultConfigurationIsVisible = 0;
			defaultConfigurationName = Release;
		};
		A67DFE7F290CA0340038A7BB /* Build configuration list for PBXNativeTarget "FluidityUITests" */ = {
			isa = XCConfigurationList;
			buildConfigurations = (
				A67DFE80290CA0340038A7BB /* Debug */,
				A67DFE81290CA0340038A7BB /* Release */,
			);
			defaultConfigurationIsVisible = 0;
			defaultConfigurationName = Release;
		};
/* End XCConfigurationList section */
	};
	rootObject = A67DFE47290CA0320038A7BB /* Project object */;
}
